
Microsoft Visual Studio Solution File, Format Version 12.00
# Visual Studio Version 17
VisualStudioVersion = 17.2.32505.173
MinimumVisualStudioVersion = 10.0.40219.1
Project("{FAE04EC0-301F-11D3-BF4B-00C04F79EFBC}") = "Linku", "Linku\Linku.csproj", "{2D15319E-F48E-45EA-A882-99926061F8C0}"
EndProject
Project("{FAE04EC0-301F-11D3-BF4B-00C04F79EFBC}") = "Model", "Model\Model.csproj", "{A382419B-D5B1-45C2-85AB-362A20947D1C}"
EndProject
Global
	GlobalSection(SolutionConfigurationPlatforms) = preSolution
		Debug|Any CPU = Debug|Any CPU
		Release|Any CPU = Release|Any CPU
	EndGlobalSection
	GlobalSection(ProjectConfigurationPlatforms) = postSolution
		{2D15319E-F48E-45EA-A882-99926061F8C0}.Debug|Any CPU.ActiveCfg = Debug|Any CPU
		{2D15319E-F48E-45EA-A882-99926061F8C0}.Debug|Any CPU.Build.0 = Debug|Any CPU
		{2D15319E-F48E-45EA-A882-99926061F8C0}.Release|Any CPU.ActiveCfg = Release|Any CPU
		{2D15319E-F48E-45EA-A882-99926061F8C0}.Release|Any CPU.Build.0 = Release|Any CPU
		{A382419B-D5B1-45C2-85AB-362A20947D1C}.Debug|Any CPU.ActiveCfg = Debug|Any CPU
		{A382419B-D5B1-45C2-85AB-362A20947D1C}.Debug|Any CPU.Build.0 = Debug|Any CPU
		{A382419B-D5B1-45C2-85AB-362A20947D1C}.Release|Any CPU.ActiveCfg = Release|Any CPU
		{A382419B-D5B1-45C2-85AB-362A20947D1C}.Release|Any CPU.Build.0 = Release|Any CPU
	EndGlobalSection
	GlobalSection(SolutionProperties) = preSolution
		HideSolutionNode = FALSE
	EndGlobalSection
	GlobalSection(ExtensibilityGlobals) = postSolution
		SolutionGuid = {F70B05CE-4040-4AF6-A252-F2FD1EBE6DAE}
	EndGlobalSection
EndGlobal
